// !$*UTF8*$!
{
	archiveVersion = 1;
	classes = {
	};
	objectVersion = 56;
	objects = {

/* Begin PBXBuildFile section */
		CE0C91352A34AA8800E8CE90 /* SPSearchViewController.swift in Sources */ = {isa = PBXBuildFile; fileRef = CE0C91342A34AA8800E8CE90 /* SPSearchViewController.swift */; };
		CE2849242A3F0D99002D9922 /* SPLocationView.swift in Sources */ = {isa = PBXBuildFile; fileRef = CE2849232A3F0D99002D9922 /* SPLocationView.swift */; };
		CE2849332A3F3508002D9922 /* SPLocationViewViewModel.swift in Sources */ = {isa = PBXBuildFile; fileRef = CE2849322A3F3508002D9922 /* SPLocationViewViewModel.swift */; };
		CE2849382A3F7AC8002D9922 /* SPGetAllLocationsResponse.swift in Sources */ = {isa = PBXBuildFile; fileRef = CE2849372A3F7AC8002D9922 /* SPGetAllLocationsResponse.swift */; };
		CE28493E2A3F99C6002D9922 /* SPLocationTableViewCell.swift in Sources */ = {isa = PBXBuildFile; fileRef = CE28493D2A3F99C6002D9922 /* SPLocationTableViewCell.swift */; };
		CE2849462A3F9E48002D9922 /* SPLocationTableViewCellViewModel.swift in Sources */ = {isa = PBXBuildFile; fileRef = CE2849452A3F9E48002D9922 /* SPLocationTableViewCellViewModel.swift */; };
		CE2849482A421D03002D9922 /* LocationImages.json in Resources */ = {isa = PBXBuildFile; fileRef = CE2849472A421D03002D9922 /* LocationImages.json */; };
		CE2F71C62A3A1CFC0094954D /* SPEpisodeImageCollectionViewCellViewModel.swift in Sources */ = {isa = PBXBuildFile; fileRef = CE2F71C52A3A1CFC0094954D /* SPEpisodeImageCollectionViewCellViewModel.swift */; };
		CE2F71C82A3A1F630094954D /* SPEpisodeImageCollectionViewCell.swift in Sources */ = {isa = PBXBuildFile; fileRef = CE2F71C72A3A1F630094954D /* SPEpisodeImageCollectionViewCell.swift */; };
		CE2F71CA2A3A39980094954D /* SPEpisodeDescriptionCollectionViewCell.swift in Sources */ = {isa = PBXBuildFile; fileRef = CE2F71C92A3A39980094954D /* SPEpisodeDescriptionCollectionViewCell.swift */; };
		CE2F71D02A3B85DF0094954D /* SPSettingsViewViewModel.swift in Sources */ = {isa = PBXBuildFile; fileRef = CE2F71CF2A3B85DF0094954D /* SPSettingsViewViewModel.swift */; };
		CE2F71D42A3B86760094954D /* SPSettingsCellViewModel.swift in Sources */ = {isa = PBXBuildFile; fileRef = CE2F71D32A3B86760094954D /* SPSettingsCellViewModel.swift */; };
		CE2F71DC2A3B882A0094954D /* SPSettingsOption.swift in Sources */ = {isa = PBXBuildFile; fileRef = CE2F71DB2A3B882A0094954D /* SPSettingsOption.swift */; };
		CE2F71E02A3B918D0094954D /* SPSettingsView.swift in Sources */ = {isa = PBXBuildFile; fileRef = CE2F71DF2A3B918D0094954D /* SPSettingsView.swift */; };
		CE2F71E42A3D15370094954D /* SPEpisodeWikiCollectionViewCell.swift in Sources */ = {isa = PBXBuildFile; fileRef = CE2F71E32A3D15370094954D /* SPEpisodeWikiCollectionViewCell.swift */; };
		CE8F392B2A0D2FFC00BD8042 /* AppDelegate.swift in Sources */ = {isa = PBXBuildFile; fileRef = CE8F392A2A0D2FFC00BD8042 /* AppDelegate.swift */; };
		CE8F392D2A0D2FFC00BD8042 /* SceneDelegate.swift in Sources */ = {isa = PBXBuildFile; fileRef = CE8F392C2A0D2FFC00BD8042 /* SceneDelegate.swift */; };
		CE8F392F2A0D2FFC00BD8042 /* SPTabBarController.swift in Sources */ = {isa = PBXBuildFile; fileRef = CE8F392E2A0D2FFC00BD8042 /* SPTabBarController.swift */; };
		CE8F39342A0D2FFE00BD8042 /* Assets.xcassets in Resources */ = {isa = PBXBuildFile; fileRef = CE8F39332A0D2FFE00BD8042 /* Assets.xcassets */; };
		CE8F39372A0D2FFE00BD8042 /* LaunchScreen.storyboard in Resources */ = {isa = PBXBuildFile; fileRef = CE8F39352A0D2FFE00BD8042 /* LaunchScreen.storyboard */; };
		CE8F39462A0D322B00BD8042 /* SPCharacters.swift in Sources */ = {isa = PBXBuildFile; fileRef = CE8F39452A0D322B00BD8042 /* SPCharacters.swift */; };
		CE8F39482A0D323C00BD8042 /* SPEpisodes.swift in Sources */ = {isa = PBXBuildFile; fileRef = CE8F39472A0D323C00BD8042 /* SPEpisodes.swift */; };
		CE8F394A2A0D324F00BD8042 /* SPFamilies.swift in Sources */ = {isa = PBXBuildFile; fileRef = CE8F39492A0D324F00BD8042 /* SPFamilies.swift */; };
		CE8F394C2A0D326600BD8042 /* SPLocations.swift in Sources */ = {isa = PBXBuildFile; fileRef = CE8F394B2A0D326600BD8042 /* SPLocations.swift */; };
		CE8F39522A0D33C800BD8042 /* SPCharacterViewController.swift in Sources */ = {isa = PBXBuildFile; fileRef = CE8F39512A0D33C800BD8042 /* SPCharacterViewController.swift */; };
		CE8F395B2A0D344900BD8042 /* SPEpisodeViewController.swift in Sources */ = {isa = PBXBuildFile; fileRef = CE8F395A2A0D344900BD8042 /* SPEpisodeViewController.swift */; };
		CE8F395D2A0D345E00BD8042 /* SPFamilyViewController.swift in Sources */ = {isa = PBXBuildFile; fileRef = CE8F395C2A0D345E00BD8042 /* SPFamilyViewController.swift */; };
		CE8F395F2A0D346D00BD8042 /* SPLocationViewController.swift in Sources */ = {isa = PBXBuildFile; fileRef = CE8F395E2A0D346D00BD8042 /* SPLocationViewController.swift */; };
		CE8F39612A0D347D00BD8042 /* SPSettingsViewController.swift in Sources */ = {isa = PBXBuildFile; fileRef = CE8F39602A0D347D00BD8042 /* SPSettingsViewController.swift */; };
		CE8F39672A0D746700BD8042 /* SPService.swift in Sources */ = {isa = PBXBuildFile; fileRef = CE8F39662A0D746700BD8042 /* SPService.swift */; };
		CE8F39692A0D747E00BD8042 /* SPRequest.swift in Sources */ = {isa = PBXBuildFile; fileRef = CE8F39682A0D747E00BD8042 /* SPRequest.swift */; };
		CE8F396D2A0D78CC00BD8042 /* SPEndpoint.swift in Sources */ = {isa = PBXBuildFile; fileRef = CE8F396C2A0D78CC00BD8042 /* SPEndpoint.swift */; };
		CE98A2F52A0E8364001E54F3 /* SPRelatives.swift in Sources */ = {isa = PBXBuildFile; fileRef = CE98A2F42A0E8364001E54F3 /* SPRelatives.swift */; };
		CE98A2FB2A0E8700001E54F3 /* SPCharacterGender.swift in Sources */ = {isa = PBXBuildFile; fileRef = CE98A2FA2A0E8700001E54F3 /* SPCharacterGender.swift */; };
		CE98A3032A10F9D1001E54F3 /* SPGetAllCharactersResponse.swift in Sources */ = {isa = PBXBuildFile; fileRef = CE98A3022A10F9D1001E54F3 /* SPGetAllCharactersResponse.swift */; };
		CE98A3052A114C4B001E54F3 /* SPCharacterListViewViewModel.swift in Sources */ = {isa = PBXBuildFile; fileRef = CE98A3042A114C4B001E54F3 /* SPCharacterListViewViewModel.swift */; };
		CE98A3072A114D63001E54F3 /* SPCharacterListView.swift in Sources */ = {isa = PBXBuildFile; fileRef = CE98A3062A114D63001E54F3 /* SPCharacterListView.swift */; };
		CE98A30F2A117CAF001E54F3 /* Extension .swift in Sources */ = {isa = PBXBuildFile; fileRef = CE98A30E2A117CAF001E54F3 /* Extension .swift */; };
		CE98A3132A12C1B5001E54F3 /* SPCharacterCollectionViewCell.swift in Sources */ = {isa = PBXBuildFile; fileRef = CE98A3122A12C1B5001E54F3 /* SPCharacterCollectionViewCell.swift */; };
		CE98A3152A12C352001E54F3 /* SPCharacterCollectionViewCellViewModel.swift in Sources */ = {isa = PBXBuildFile; fileRef = CE98A3142A12C352001E54F3 /* SPCharacterCollectionViewCellViewModel.swift */; };
		CE98A31B2A191AC0001E54F3 /* CharactersImage.json in Resources */ = {isa = PBXBuildFile; fileRef = CE98A31A2A191AC0001E54F3 /* CharactersImage.json */; };
		CEA238562A1D518D00C598ED /* SPCharacterInfoCollectionViewCell.swift in Sources */ = {isa = PBXBuildFile; fileRef = CEA238552A1D518D00C598ED /* SPCharacterInfoCollectionViewCell.swift */; };
		CEA238582A1D519E00C598ED /* SPCharacterPhotoCollectionViewCell.swift in Sources */ = {isa = PBXBuildFile; fileRef = CEA238572A1D519E00C598ED /* SPCharacterPhotoCollectionViewCell.swift */; };
		CEA2385A2A1D51BE00C598ED /* SPCharacterEpisodeCollectionViewCell.swift in Sources */ = {isa = PBXBuildFile; fileRef = CEA238592A1D51BE00C598ED /* SPCharacterEpisodeCollectionViewCell.swift */; };
		CEA2385D2A1D531700C598ED /* SPCharacterInfoCollectionViewCellViewModel.swift in Sources */ = {isa = PBXBuildFile; fileRef = CEA2385C2A1D531700C598ED /* SPCharacterInfoCollectionViewCellViewModel.swift */; };
		CEA2385F2A1D532500C598ED /* SPCharacterPhotoCollectionViewCellViewModel.swift in Sources */ = {isa = PBXBuildFile; fileRef = CEA2385E2A1D532500C598ED /* SPCharacterPhotoCollectionViewCellViewModel.swift */; };
		CEA238612A1D533400C598ED /* SPCharacterEpisodeCollectionViewCellViewModel.swift in Sources */ = {isa = PBXBuildFile; fileRef = CEA238602A1D533400C598ED /* SPCharacterEpisodeCollectionViewCellViewModel.swift */; };
		CEB2BA422A360C1200645856 /* SPEpisodeInfoCollectionViewCell.swift in Sources */ = {isa = PBXBuildFile; fileRef = CEB2BA412A360C1200645856 /* SPEpisodeInfoCollectionViewCell.swift */; };
		CEB2BA492A360CEE00645856 /* SPEpisodeInfoCollectionViewCellViewModel.swift in Sources */ = {isa = PBXBuildFile; fileRef = CEB2BA482A360CEE00645856 /* SPEpisodeInfoCollectionViewCellViewModel.swift */; };
		CECDD3542A193DB9000E2ADB /* SPCharacterDetailViewController.swift in Sources */ = {isa = PBXBuildFile; fileRef = CECDD3532A193DB9000E2ADB /* SPCharacterDetailViewController.swift */; };
		CECDD3562A19406F000E2ADB /* SPCharacterDetailVIew.swift in Sources */ = {isa = PBXBuildFile; fileRef = CECDD3552A19406F000E2ADB /* SPCharacterDetailVIew.swift */; };
		CECDD3582A1940CD000E2ADB /* SPCharacterDetailVIewViewModel.swift in Sources */ = {isa = PBXBuildFile; fileRef = CECDD3572A1940CD000E2ADB /* SPCharacterDetailVIewViewModel.swift */; };
		CECDD35C2A195A42000E2ADB /* SPFooterLoadingCollectionReusableView.swift in Sources */ = {isa = PBXBuildFile; fileRef = CECDD35B2A195A42000E2ADB /* SPFooterLoadingCollectionReusableView.swift */; };
		CECDD3602A1BE3FE000E2ADB /* SPImageLoader.swift in Sources */ = {isa = PBXBuildFile; fileRef = CECDD35F2A1BE3FE000E2ADB /* SPImageLoader.swift */; };
		CEE2279B2A2E47F9000C86C6 /* SPEpisodeDetailViewController.swift in Sources */ = {isa = PBXBuildFile; fileRef = CEE2279A2A2E47F9000C86C6 /* SPEpisodeDetailViewController.swift */; };
		CEE2279F2A2FCC55000C86C6 /* SPAPICacheManager.swift in Sources */ = {isa = PBXBuildFile; fileRef = CEE2279E2A2FCC55000C86C6 /* SPAPICacheManager.swift */; };
		CEE227A32A2FD12C000C86C6 /* SPEpisodeDetailViewViewModel.swift in Sources */ = {isa = PBXBuildFile; fileRef = CEE227A22A2FD12C000C86C6 /* SPEpisodeDetailViewViewModel.swift */; };
		CEE227A72A2FD219000C86C6 /* SPEpisodeDetailView.swift in Sources */ = {isa = PBXBuildFile; fileRef = CEE227A62A2FD219000C86C6 /* SPEpisodeDetailView.swift */; };
		CEE227B02A32416A000C86C6 /* SPEpisodeListView.swift in Sources */ = {isa = PBXBuildFile; fileRef = CEE227AF2A32416A000C86C6 /* SPEpisodeListView.swift */; };
		CEE227B22A3242D2000C86C6 /* SPEpisodeListViewViewModel.swift in Sources */ = {isa = PBXBuildFile; fileRef = CEE227B12A3242D2000C86C6 /* SPEpisodeListViewViewModel.swift */; };
		CEE227B62A324EB5000C86C6 /* SPGetAllEpisodesResponse.swift in Sources */ = {isa = PBXBuildFile; fileRef = CEE227B52A324EB5000C86C6 /* SPGetAllEpisodesResponse.swift */; };
		CEEEEF962A1E87CF00DB2750 /* SPGetImageFromJsonLocalFile.swift in Sources */ = {isa = PBXBuildFile; fileRef = CEEEEF952A1E87CF00DB2750 /* SPGetImageFromJsonLocalFile.swift */; };
/* End PBXBuildFile section */

/* Begin PBXFileReference section */
		CE0C91342A34AA8800E8CE90 /* SPSearchViewController.swift */ = {isa = PBXFileReference; lastKnownFileType = sourcecode.swift; path = SPSearchViewController.swift; sourceTree = "<group>"; };
		CE2849232A3F0D99002D9922 /* SPLocationView.swift */ = {isa = PBXFileReference; lastKnownFileType = sourcecode.swift; path = SPLocationView.swift; sourceTree = "<group>"; };
		CE2849322A3F3508002D9922 /* SPLocationViewViewModel.swift */ = {isa = PBXFileReference; lastKnownFileType = sourcecode.swift; path = SPLocationViewViewModel.swift; sourceTree = "<group>"; };
		CE2849372A3F7AC8002D9922 /* SPGetAllLocationsResponse.swift */ = {isa = PBXFileReference; lastKnownFileType = sourcecode.swift; path = SPGetAllLocationsResponse.swift; sourceTree = "<group>"; };
		CE28493D2A3F99C6002D9922 /* SPLocationTableViewCell.swift */ = {isa = PBXFileReference; lastKnownFileType = sourcecode.swift; path = SPLocationTableViewCell.swift; sourceTree = "<group>"; };
		CE2849452A3F9E48002D9922 /* SPLocationTableViewCellViewModel.swift */ = {isa = PBXFileReference; lastKnownFileType = sourcecode.swift; path = SPLocationTableViewCellViewModel.swift; sourceTree = "<group>"; };
		CE2849472A421D03002D9922 /* LocationImages.json */ = {isa = PBXFileReference; fileEncoding = 4; lastKnownFileType = text.json; path = LocationImages.json; sourceTree = "<group>"; };
		CE2F71C52A3A1CFC0094954D /* SPEpisodeImageCollectionViewCellViewModel.swift */ = {isa = PBXFileReference; lastKnownFileType = sourcecode.swift; path = SPEpisodeImageCollectionViewCellViewModel.swift; sourceTree = "<group>"; };
		CE2F71C72A3A1F630094954D /* SPEpisodeImageCollectionViewCell.swift */ = {isa = PBXFileReference; lastKnownFileType = sourcecode.swift; path = SPEpisodeImageCollectionViewCell.swift; sourceTree = "<group>"; };
		CE2F71C92A3A39980094954D /* SPEpisodeDescriptionCollectionViewCell.swift */ = {isa = PBXFileReference; lastKnownFileType = sourcecode.swift; path = SPEpisodeDescriptionCollectionViewCell.swift; sourceTree = "<group>"; };
		CE2F71CF2A3B85DF0094954D /* SPSettingsViewViewModel.swift */ = {isa = PBXFileReference; lastKnownFileType = sourcecode.swift; path = SPSettingsViewViewModel.swift; sourceTree = "<group>"; };
		CE2F71D32A3B86760094954D /* SPSettingsCellViewModel.swift */ = {isa = PBXFileReference; lastKnownFileType = sourcecode.swift; path = SPSettingsCellViewModel.swift; sourceTree = "<group>"; };
		CE2F71DB2A3B882A0094954D /* SPSettingsOption.swift */ = {isa = PBXFileReference; lastKnownFileType = sourcecode.swift; path = SPSettingsOption.swift; sourceTree = "<group>"; };
		CE2F71DF2A3B918D0094954D /* SPSettingsView.swift */ = {isa = PBXFileReference; lastKnownFileType = sourcecode.swift; path = SPSettingsView.swift; sourceTree = "<group>"; };
		CE2F71E32A3D15370094954D /* SPEpisodeWikiCollectionViewCell.swift */ = {isa = PBXFileReference; lastKnownFileType = sourcecode.swift; path = SPEpisodeWikiCollectionViewCell.swift; sourceTree = "<group>"; };
		CE8F39272A0D2FFC00BD8042 /* SouthPark.app */ = {isa = PBXFileReference; explicitFileType = wrapper.application; includeInIndex = 0; path = SouthPark.app; sourceTree = BUILT_PRODUCTS_DIR; };
		CE8F392A2A0D2FFC00BD8042 /* AppDelegate.swift */ = {isa = PBXFileReference; lastKnownFileType = sourcecode.swift; path = AppDelegate.swift; sourceTree = "<group>"; };
		CE8F392C2A0D2FFC00BD8042 /* SceneDelegate.swift */ = {isa = PBXFileReference; lastKnownFileType = sourcecode.swift; path = SceneDelegate.swift; sourceTree = "<group>"; };
		CE8F392E2A0D2FFC00BD8042 /* SPTabBarController.swift */ = {isa = PBXFileReference; lastKnownFileType = sourcecode.swift; path = SPTabBarController.swift; sourceTree = "<group>"; };
		CE8F39332A0D2FFE00BD8042 /* Assets.xcassets */ = {isa = PBXFileReference; lastKnownFileType = folder.assetcatalog; path = Assets.xcassets; sourceTree = "<group>"; };
		CE8F39362A0D2FFE00BD8042 /* Base */ = {isa = PBXFileReference; lastKnownFileType = file.storyboard; name = Base; path = Base.lproj/LaunchScreen.storyboard; sourceTree = "<group>"; };
		CE8F39382A0D2FFE00BD8042 /* Info.plist */ = {isa = PBXFileReference; lastKnownFileType = text.plist.xml; path = Info.plist; sourceTree = "<group>"; };
		CE8F39452A0D322B00BD8042 /* SPCharacters.swift */ = {isa = PBXFileReference; lastKnownFileType = sourcecode.swift; path = SPCharacters.swift; sourceTree = "<group>"; };
		CE8F39472A0D323C00BD8042 /* SPEpisodes.swift */ = {isa = PBXFileReference; lastKnownFileType = sourcecode.swift; path = SPEpisodes.swift; sourceTree = "<group>"; };
		CE8F39492A0D324F00BD8042 /* SPFamilies.swift */ = {isa = PBXFileReference; lastKnownFileType = sourcecode.swift; path = SPFamilies.swift; sourceTree = "<group>"; };
		CE8F394B2A0D326600BD8042 /* SPLocations.swift */ = {isa = PBXFileReference; lastKnownFileType = sourcecode.swift; path = SPLocations.swift; sourceTree = "<group>"; };
		CE8F39512A0D33C800BD8042 /* SPCharacterViewController.swift */ = {isa = PBXFileReference; lastKnownFileType = sourcecode.swift; path = SPCharacterViewController.swift; sourceTree = "<group>"; };
		CE8F395A2A0D344900BD8042 /* SPEpisodeViewController.swift */ = {isa = PBXFileReference; lastKnownFileType = sourcecode.swift; path = SPEpisodeViewController.swift; sourceTree = "<group>"; };
		CE8F395C2A0D345E00BD8042 /* SPFamilyViewController.swift */ = {isa = PBXFileReference; lastKnownFileType = sourcecode.swift; path = SPFamilyViewController.swift; sourceTree = "<group>"; };
		CE8F395E2A0D346D00BD8042 /* SPLocationViewController.swift */ = {isa = PBXFileReference; lastKnownFileType = sourcecode.swift; path = SPLocationViewController.swift; sourceTree = "<group>"; };
		CE8F39602A0D347D00BD8042 /* SPSettingsViewController.swift */ = {isa = PBXFileReference; lastKnownFileType = sourcecode.swift; path = SPSettingsViewController.swift; sourceTree = "<group>"; };
		CE8F39662A0D746700BD8042 /* SPService.swift */ = {isa = PBXFileReference; lastKnownFileType = sourcecode.swift; path = SPService.swift; sourceTree = "<group>"; };
		CE8F39682A0D747E00BD8042 /* SPRequest.swift */ = {isa = PBXFileReference; lastKnownFileType = sourcecode.swift; path = SPRequest.swift; sourceTree = "<group>"; };
		CE8F396C2A0D78CC00BD8042 /* SPEndpoint.swift */ = {isa = PBXFileReference; lastKnownFileType = sourcecode.swift; path = SPEndpoint.swift; sourceTree = "<group>"; };
		CE98A2F42A0E8364001E54F3 /* SPRelatives.swift */ = {isa = PBXFileReference; lastKnownFileType = sourcecode.swift; path = SPRelatives.swift; sourceTree = "<group>"; };
		CE98A2FA2A0E8700001E54F3 /* SPCharacterGender.swift */ = {isa = PBXFileReference; lastKnownFileType = sourcecode.swift; path = SPCharacterGender.swift; sourceTree = "<group>"; };
		CE98A3022A10F9D1001E54F3 /* SPGetAllCharactersResponse.swift */ = {isa = PBXFileReference; lastKnownFileType = sourcecode.swift; path = SPGetAllCharactersResponse.swift; sourceTree = "<group>"; };
		CE98A3042A114C4B001E54F3 /* SPCharacterListViewViewModel.swift */ = {isa = PBXFileReference; lastKnownFileType = sourcecode.swift; path = SPCharacterListViewViewModel.swift; sourceTree = "<group>"; };
		CE98A3062A114D63001E54F3 /* SPCharacterListView.swift */ = {isa = PBXFileReference; lastKnownFileType = sourcecode.swift; path = SPCharacterListView.swift; sourceTree = "<group>"; };
		CE98A30E2A117CAF001E54F3 /* Extension .swift */ = {isa = PBXFileReference; lastKnownFileType = sourcecode.swift; path = "Extension .swift"; sourceTree = "<group>"; };
		CE98A3122A12C1B5001E54F3 /* SPCharacterCollectionViewCell.swift */ = {isa = PBXFileReference; lastKnownFileType = sourcecode.swift; path = SPCharacterCollectionViewCell.swift; sourceTree = "<group>"; };
		CE98A3142A12C352001E54F3 /* SPCharacterCollectionViewCellViewModel.swift */ = {isa = PBXFileReference; lastKnownFileType = sourcecode.swift; path = SPCharacterCollectionViewCellViewModel.swift; sourceTree = "<group>"; };
		CE98A31A2A191AC0001E54F3 /* CharactersImage.json */ = {isa = PBXFileReference; fileEncoding = 4; lastKnownFileType = text.json; path = CharactersImage.json; sourceTree = "<group>"; };
		CEA238552A1D518D00C598ED /* SPCharacterInfoCollectionViewCell.swift */ = {isa = PBXFileReference; lastKnownFileType = sourcecode.swift; path = SPCharacterInfoCollectionViewCell.swift; sourceTree = "<group>"; };
		CEA238572A1D519E00C598ED /* SPCharacterPhotoCollectionViewCell.swift */ = {isa = PBXFileReference; lastKnownFileType = sourcecode.swift; path = SPCharacterPhotoCollectionViewCell.swift; sourceTree = "<group>"; };
		CEA238592A1D51BE00C598ED /* SPCharacterEpisodeCollectionViewCell.swift */ = {isa = PBXFileReference; lastKnownFileType = sourcecode.swift; path = SPCharacterEpisodeCollectionViewCell.swift; sourceTree = "<group>"; };
		CEA2385C2A1D531700C598ED /* SPCharacterInfoCollectionViewCellViewModel.swift */ = {isa = PBXFileReference; lastKnownFileType = sourcecode.swift; path = SPCharacterInfoCollectionViewCellViewModel.swift; sourceTree = "<group>"; };
		CEA2385E2A1D532500C598ED /* SPCharacterPhotoCollectionViewCellViewModel.swift */ = {isa = PBXFileReference; lastKnownFileType = sourcecode.swift; path = SPCharacterPhotoCollectionViewCellViewModel.swift; sourceTree = "<group>"; };
		CEA238602A1D533400C598ED /* SPCharacterEpisodeCollectionViewCellViewModel.swift */ = {isa = PBXFileReference; lastKnownFileType = sourcecode.swift; path = SPCharacterEpisodeCollectionViewCellViewModel.swift; sourceTree = "<group>"; };
		CEB2BA412A360C1200645856 /* SPEpisodeInfoCollectionViewCell.swift */ = {isa = PBXFileReference; lastKnownFileType = sourcecode.swift; path = SPEpisodeInfoCollectionViewCell.swift; sourceTree = "<group>"; };
		CEB2BA482A360CEE00645856 /* SPEpisodeInfoCollectionViewCellViewModel.swift */ = {isa = PBXFileReference; lastKnownFileType = sourcecode.swift; path = SPEpisodeInfoCollectionViewCellViewModel.swift; sourceTree = "<group>"; };
		CECDD3532A193DB9000E2ADB /* SPCharacterDetailViewController.swift */ = {isa = PBXFileReference; lastKnownFileType = sourcecode.swift; path = SPCharacterDetailViewController.swift; sourceTree = "<group>"; };
		CECDD3552A19406F000E2ADB /* SPCharacterDetailVIew.swift */ = {isa = PBXFileReference; lastKnownFileType = sourcecode.swift; path = SPCharacterDetailVIew.swift; sourceTree = "<group>"; };
		CECDD3572A1940CD000E2ADB /* SPCharacterDetailVIewViewModel.swift */ = {isa = PBXFileReference; lastKnownFileType = sourcecode.swift; path = SPCharacterDetailVIewViewModel.swift; sourceTree = "<group>"; };
		CECDD35B2A195A42000E2ADB /* SPFooterLoadingCollectionReusableView.swift */ = {isa = PBXFileReference; lastKnownFileType = sourcecode.swift; path = SPFooterLoadingCollectionReusableView.swift; sourceTree = "<group>"; };
		CECDD35F2A1BE3FE000E2ADB /* SPImageLoader.swift */ = {isa = PBXFileReference; lastKnownFileType = sourcecode.swift; path = SPImageLoader.swift; sourceTree = "<group>"; };
		CEE2279A2A2E47F9000C86C6 /* SPEpisodeDetailViewController.swift */ = {isa = PBXFileReference; lastKnownFileType = sourcecode.swift; path = SPEpisodeDetailViewController.swift; sourceTree = "<group>"; };
		CEE2279E2A2FCC55000C86C6 /* SPAPICacheManager.swift */ = {isa = PBXFileReference; lastKnownFileType = sourcecode.swift; path = SPAPICacheManager.swift; sourceTree = "<group>"; };
		CEE227A22A2FD12C000C86C6 /* SPEpisodeDetailViewViewModel.swift */ = {isa = PBXFileReference; lastKnownFileType = sourcecode.swift; path = SPEpisodeDetailViewViewModel.swift; sourceTree = "<group>"; };
		CEE227A62A2FD219000C86C6 /* SPEpisodeDetailView.swift */ = {isa = PBXFileReference; lastKnownFileType = sourcecode.swift; path = SPEpisodeDetailView.swift; sourceTree = "<group>"; };
		CEE227AF2A32416A000C86C6 /* SPEpisodeListView.swift */ = {isa = PBXFileReference; lastKnownFileType = sourcecode.swift; path = SPEpisodeListView.swift; sourceTree = "<group>"; };
		CEE227B12A3242D2000C86C6 /* SPEpisodeListViewViewModel.swift */ = {isa = PBXFileReference; lastKnownFileType = sourcecode.swift; path = SPEpisodeListViewViewModel.swift; sourceTree = "<group>"; };
		CEE227B52A324EB5000C86C6 /* SPGetAllEpisodesResponse.swift */ = {isa = PBXFileReference; lastKnownFileType = sourcecode.swift; path = SPGetAllEpisodesResponse.swift; sourceTree = "<group>"; };
		CEEEEF952A1E87CF00DB2750 /* SPGetImageFromJsonLocalFile.swift */ = {isa = PBXFileReference; lastKnownFileType = sourcecode.swift; path = SPGetImageFromJsonLocalFile.swift; sourceTree = "<group>"; };
/* End PBXFileReference section */

/* Begin PBXFrameworksBuildPhase section */
		CE8F39242A0D2FFC00BD8042 /* Frameworks */ = {
			isa = PBXFrameworksBuildPhase;
			buildActionMask = 2147483647;
			files = (
			);
			runOnlyForDeploymentPostprocessing = 0;
		};
/* End PBXFrameworksBuildPhase section */

/* Begin PBXGroup section */
		CE2849222A3F0D7A002D9922 /* Location */ = {
			isa = PBXGroup;
			children = (
				CE2849232A3F0D99002D9922 /* SPLocationView.swift */,
				CE28493D2A3F99C6002D9922 /* SPLocationTableViewCell.swift */,
			);
			path = Location;
			sourceTree = "<group>";
		};
		CE2849442A3F9E2A002D9922 /* Location */ = {
			isa = PBXGroup;
			children = (
				CE2849452A3F9E48002D9922 /* SPLocationTableViewCellViewModel.swift */,
				CE2849322A3F3508002D9922 /* SPLocationViewViewModel.swift */,
			);
			path = Location;
			sourceTree = "<group>";
		};
		CE2F71CE2A3B85B10094954D /* Settings */ = {
			isa = PBXGroup;
			children = (
				CE2F71CF2A3B85DF0094954D /* SPSettingsViewViewModel.swift */,
				CE2F71D32A3B86760094954D /* SPSettingsCellViewModel.swift */,
				CE2F71DB2A3B882A0094954D /* SPSettingsOption.swift */,
			);
			path = Settings;
			sourceTree = "<group>";
		};
		CE2F71DE2A3B91550094954D /* SwiftUI */ = {
			isa = PBXGroup;
			children = (
				CE2F71DF2A3B918D0094954D /* SPSettingsView.swift */,
			);
			path = SwiftUI;
			sourceTree = "<group>";
		};
		CE8F391E2A0D2FFC00BD8042 = {
			isa = PBXGroup;
			children = (
				CE8F39292A0D2FFC00BD8042 /* SouthPark */,
				CE8F39282A0D2FFC00BD8042 /* Products */,
			);
			sourceTree = "<group>";
		};
		CE8F39282A0D2FFC00BD8042 /* Products */ = {
			isa = PBXGroup;
			children = (
				CE8F39272A0D2FFC00BD8042 /* SouthPark.app */,
			);
			name = Products;
			sourceTree = "<group>";
		};
		CE8F39292A0D2FFC00BD8042 /* SouthPark */ = {
			isa = PBXGroup;
			children = (
				CE8F39422A0D30EA00BD8042 /* Resources */,
				CE8F39432A0D30F700BD8042 /* Managers */,
				CE8F39442A0D310B00BD8042 /* APIClient */,
				CE8F39412A0D30B700BD8042 /* ViewModels */,
				CE8F39402A0D309F00BD8042 /* Views */,
				CE8F393F2A0D308800BD8042 /* Models */,
				CE8F393E2A0D306700BD8042 /* Controllers */,
				CE8F39382A0D2FFE00BD8042 /* Info.plist */,
			);
			path = SouthPark;
			sourceTree = "<group>";
		};
		CE8F393E2A0D306700BD8042 /* Controllers */ = {
			isa = PBXGroup;
			children = (
				CECDD3522A193D93000E2ADB /* Other */,
				CE8F394E2A0D334900BD8042 /* CoreNavigation */,
			);
			path = Controllers;
			sourceTree = "<group>";
		};
		CE8F393F2A0D308800BD8042 /* Models */ = {
			isa = PBXGroup;
			children = (
				CE98A3012A10F99F001E54F3 /* APIResponseType */,
				CE98A3002A10F981001E54F3 /* DataTypes */,
			);
			path = Models;
			sourceTree = "<group>";
		};
		CE8F39402A0D309F00BD8042 /* Views */ = {
			isa = PBXGroup;
			children = (
				CE2849222A3F0D7A002D9922 /* Location */,
				CE2F71DE2A3B91550094954D /* SwiftUI */,
				CEB2BA402A360B7100645856 /* EpisodeDetails */,
				CEE227AE2A32412F000C86C6 /* Episode */,
				CEA2384D2A1D50D000C598ED /* Character */,
				CEA2384B2A1D509600C598ED /* CharacterDetails */,
				CECDD35B2A195A42000E2ADB /* SPFooterLoadingCollectionReusableView.swift */,
			);
			path = Views;
			sourceTree = "<group>";
		};
		CE8F39412A0D30B700BD8042 /* ViewModels */ = {
			isa = PBXGroup;
			children = (
				CE2849442A3F9E2A002D9922 /* Location */,
				CE2F71CE2A3B85B10094954D /* Settings */,
				CEB2BA462A360C9700645856 /* EpisodeDetail */,
				CEA2385B2A1D52DF00C598ED /* CharacterDetail */,
				CE98A3142A12C352001E54F3 /* SPCharacterCollectionViewCellViewModel.swift */,
				CE98A3042A114C4B001E54F3 /* SPCharacterListViewViewModel.swift */,
				CEE227B12A3242D2000C86C6 /* SPEpisodeListViewViewModel.swift */,
			);
			path = ViewModels;
			sourceTree = "<group>";
		};
		CE8F39422A0D30EA00BD8042 /* Resources */ = {
			isa = PBXGroup;
			children = (
				CE8F392A2A0D2FFC00BD8042 /* AppDelegate.swift */,
				CE8F392C2A0D2FFC00BD8042 /* SceneDelegate.swift */,
				CE8F39352A0D2FFE00BD8042 /* LaunchScreen.storyboard */,
				CE8F39332A0D2FFE00BD8042 /* Assets.xcassets */,
				CE98A30E2A117CAF001E54F3 /* Extension .swift */,
				CE98A31A2A191AC0001E54F3 /* CharactersImage.json */,
				CE2849472A421D03002D9922 /* LocationImages.json */,
			);
			path = Resources;
			sourceTree = "<group>";
		};
		CE8F39432A0D30F700BD8042 /* Managers */ = {
			isa = PBXGroup;
			children = (
				CECDD35F2A1BE3FE000E2ADB /* SPImageLoader.swift */,
				CEEEEF952A1E87CF00DB2750 /* SPGetImageFromJsonLocalFile.swift */,
				CEE2279E2A2FCC55000C86C6 /* SPAPICacheManager.swift */,
			);
			path = Managers;
			sourceTree = "<group>";
		};
		CE8F39442A0D310B00BD8042 /* APIClient */ = {
			isa = PBXGroup;
			children = (
				CE8F39662A0D746700BD8042 /* SPService.swift */,
				CE8F39682A0D747E00BD8042 /* SPRequest.swift */,
				CE8F396C2A0D78CC00BD8042 /* SPEndpoint.swift */,
			);
			path = APIClient;
			sourceTree = "<group>";
		};
		CE8F394E2A0D334900BD8042 /* CoreNavigation */ = {
			isa = PBXGroup;
			children = (
				CE8F392E2A0D2FFC00BD8042 /* SPTabBarController.swift */,
				CE8F39512A0D33C800BD8042 /* SPCharacterViewController.swift */,
				CE8F395A2A0D344900BD8042 /* SPEpisodeViewController.swift */,
				CE8F395C2A0D345E00BD8042 /* SPFamilyViewController.swift */,
				CE8F395E2A0D346D00BD8042 /* SPLocationViewController.swift */,
				CE8F39602A0D347D00BD8042 /* SPSettingsViewController.swift */,
			);
			path = CoreNavigation;
			sourceTree = "<group>";
		};
		CE98A3002A10F981001E54F3 /* DataTypes */ = {
			isa = PBXGroup;
			children = (
				CE8F39452A0D322B00BD8042 /* SPCharacters.swift */,
				CE8F39472A0D323C00BD8042 /* SPEpisodes.swift */,
				CE8F39492A0D324F00BD8042 /* SPFamilies.swift */,
				CE8F394B2A0D326600BD8042 /* SPLocations.swift */,
				CE98A2F42A0E8364001E54F3 /* SPRelatives.swift */,
				CE98A2FA2A0E8700001E54F3 /* SPCharacterGender.swift */,
			);
			path = DataTypes;
			sourceTree = "<group>";
		};
		CE98A3012A10F99F001E54F3 /* APIResponseType */ = {
			isa = PBXGroup;
			children = (
				CE98A3022A10F9D1001E54F3 /* SPGetAllCharactersResponse.swift */,
				CEE227B52A324EB5000C86C6 /* SPGetAllEpisodesResponse.swift */,
				CE2849372A3F7AC8002D9922 /* SPGetAllLocationsResponse.swift */,
			);
			path = APIResponseType;
			sourceTree = "<group>";
		};
		CEA2384B2A1D509600C598ED /* CharacterDetails */ = {
			isa = PBXGroup;
			children = (
				CECDD3552A19406F000E2ADB /* SPCharacterDetailVIew.swift */,
				CEA238572A1D519E00C598ED /* SPCharacterPhotoCollectionViewCell.swift */,
				CEA238552A1D518D00C598ED /* SPCharacterInfoCollectionViewCell.swift */,
				CEA238592A1D51BE00C598ED /* SPCharacterEpisodeCollectionViewCell.swift */,
			);
			path = CharacterDetails;
			sourceTree = "<group>";
		};
		CEA2384D2A1D50D000C598ED /* Character */ = {
			isa = PBXGroup;
			children = (
				CE98A3062A114D63001E54F3 /* SPCharacterListView.swift */,
				CE98A3122A12C1B5001E54F3 /* SPCharacterCollectionViewCell.swift */,
			);
			path = Character;
			sourceTree = "<group>";
		};
		CEA2385B2A1D52DF00C598ED /* CharacterDetail */ = {
			isa = PBXGroup;
			children = (
				CECDD3572A1940CD000E2ADB /* SPCharacterDetailVIewViewModel.swift */,
				CEA2385E2A1D532500C598ED /* SPCharacterPhotoCollectionViewCellViewModel.swift */,
				CEA2385C2A1D531700C598ED /* SPCharacterInfoCollectionViewCellViewModel.swift */,
				CEA238602A1D533400C598ED /* SPCharacterEpisodeCollectionViewCellViewModel.swift */,
			);
			path = CharacterDetail;
			sourceTree = "<group>";
		};
		CEB2BA402A360B7100645856 /* EpisodeDetails */ = {
			isa = PBXGroup;
			children = (
				CEE227A62A2FD219000C86C6 /* SPEpisodeDetailView.swift */,
				CEB2BA412A360C1200645856 /* SPEpisodeInfoCollectionViewCell.swift */,
				CE2F71C72A3A1F630094954D /* SPEpisodeImageCollectionViewCell.swift */,
				CE2F71C92A3A39980094954D /* SPEpisodeDescriptionCollectionViewCell.swift */,
				CE2F71E32A3D15370094954D /* SPEpisodeWikiCollectionViewCell.swift */,
			);
			path = EpisodeDetails;
			sourceTree = "<group>";
		};
		CEB2BA462A360C9700645856 /* EpisodeDetail */ = {
			isa = PBXGroup;
			children = (
				CEE227A22A2FD12C000C86C6 /* SPEpisodeDetailViewViewModel.swift */,
				CEB2BA482A360CEE00645856 /* SPEpisodeInfoCollectionViewCellViewModel.swift */,
				CE2F71C52A3A1CFC0094954D /* SPEpisodeImageCollectionViewCellViewModel.swift */,
			);
			path = EpisodeDetail;
			sourceTree = "<group>";
		};
		CECDD3522A193D93000E2ADB /* Other */ = {
			isa = PBXGroup;
			children = (
				CECDD3532A193DB9000E2ADB /* SPCharacterDetailViewController.swift */,
				CEE2279A2A2E47F9000C86C6 /* SPEpisodeDetailViewController.swift */,
				CE0C91342A34AA8800E8CE90 /* SPSearchViewController.swift */,
			);
			path = Other;
			sourceTree = "<group>";
		};
		CEE227AE2A32412F000C86C6 /* Episode */ = {
			isa = PBXGroup;
			children = (
				CEE227AF2A32416A000C86C6 /* SPEpisodeListView.swift */,
			);
			path = Episode;
			sourceTree = "<group>";
		};
/* End PBXGroup section */

/* Begin PBXNativeTarget section */
		CE8F39262A0D2FFC00BD8042 /* SouthPark */ = {
			isa = PBXNativeTarget;
			buildConfigurationList = CE8F393B2A0D2FFE00BD8042 /* Build configuration list for PBXNativeTarget "SouthPark" */;
			buildPhases = (
				CE8F39232A0D2FFC00BD8042 /* Sources */,
				CE8F39242A0D2FFC00BD8042 /* Frameworks */,
				CE8F39252A0D2FFC00BD8042 /* Resources */,
			);
			buildRules = (
			);
			dependencies = (
			);
			name = SouthPark;
			productName = SouthPark;
			productReference = CE8F39272A0D2FFC00BD8042 /* SouthPark.app */;
			productType = "com.apple.product-type.application";
		};
/* End PBXNativeTarget section */

/* Begin PBXProject section */
		CE8F391F2A0D2FFC00BD8042 /* Project object */ = {
			isa = PBXProject;
			attributes = {
				BuildIndependentTargetsInParallel = 1;
				LastSwiftUpdateCheck = 1430;
				LastUpgradeCheck = 1430;
				TargetAttributes = {
					CE8F39262A0D2FFC00BD8042 = {
						CreatedOnToolsVersion = 14.3;
					};
				};
			};
			buildConfigurationList = CE8F39222A0D2FFC00BD8042 /* Build configuration list for PBXProject "SouthPark" */;
			compatibilityVersion = "Xcode 14.0";
			developmentRegion = en;
			hasScannedForEncodings = 0;
			knownRegions = (
				en,
				Base,
			);
			mainGroup = CE8F391E2A0D2FFC00BD8042;
			productRefGroup = CE8F39282A0D2FFC00BD8042 /* Products */;
			projectDirPath = "";
			projectRoot = "";
			targets = (
				CE8F39262A0D2FFC00BD8042 /* SouthPark */,
			);
		};
/* End PBXProject section */

/* Begin PBXResourcesBuildPhase section */
		CE8F39252A0D2FFC00BD8042 /* Resources */ = {
			isa = PBXResourcesBuildPhase;
			buildActionMask = 2147483647;
			files = (
				CE8F39372A0D2FFE00BD8042 /* LaunchScreen.storyboard in Resources */,
				CE8F39342A0D2FFE00BD8042 /* Assets.xcassets in Resources */,
				CE2849482A421D03002D9922 /* LocationImages.json in Resources */,
				CE98A31B2A191AC0001E54F3 /* CharactersImage.json in Resources */,
			);
			runOnlyForDeploymentPostprocessing = 0;
		};
/* End PBXResourcesBuildPhase section */

/* Begin PBXSourcesBuildPhase section */
		CE8F39232A0D2FFC00BD8042 /* Sources */ = {
			isa = PBXSourcesBuildPhase;
			buildActionMask = 2147483647;
			files = (
				CE8F395F2A0D346D00BD8042 /* SPLocationViewController.swift in Sources */,
				CE8F394A2A0D324F00BD8042 /* SPFamilies.swift in Sources */,
				CECDD3542A193DB9000E2ADB /* SPCharacterDetailViewController.swift in Sources */,
				CE98A3072A114D63001E54F3 /* SPCharacterListView.swift in Sources */,
				CEE227A32A2FD12C000C86C6 /* SPEpisodeDetailViewViewModel.swift in Sources */,
				CEA238582A1D519E00C598ED /* SPCharacterPhotoCollectionViewCell.swift in Sources */,
				CE98A3032A10F9D1001E54F3 /* SPGetAllCharactersResponse.swift in Sources */,
				CE8F395B2A0D344900BD8042 /* SPEpisodeViewController.swift in Sources */,
				CE98A30F2A117CAF001E54F3 /* Extension .swift in Sources */,
				CE2849382A3F7AC8002D9922 /* SPGetAllLocationsResponse.swift in Sources */,
				CEA2385A2A1D51BE00C598ED /* SPCharacterEpisodeCollectionViewCell.swift in Sources */,
				CECDD3582A1940CD000E2ADB /* SPCharacterDetailVIewViewModel.swift in Sources */,
				CE8F39522A0D33C800BD8042 /* SPCharacterViewController.swift in Sources */,
				CE2F71C82A3A1F630094954D /* SPEpisodeImageCollectionViewCell.swift in Sources */,
				CEE227B62A324EB5000C86C6 /* SPGetAllEpisodesResponse.swift in Sources */,
				CE2849332A3F3508002D9922 /* SPLocationViewViewModel.swift in Sources */,
				CEE227B22A3242D2000C86C6 /* SPEpisodeListViewViewModel.swift in Sources */,
				CE2F71C62A3A1CFC0094954D /* SPEpisodeImageCollectionViewCellViewModel.swift in Sources */,
				CE8F39672A0D746700BD8042 /* SPService.swift in Sources */,
				CE8F39612A0D347D00BD8042 /* SPSettingsViewController.swift in Sources */,
				CECDD3602A1BE3FE000E2ADB /* SPImageLoader.swift in Sources */,
				CEEEEF962A1E87CF00DB2750 /* SPGetImageFromJsonLocalFile.swift in Sources */,
				CE98A3052A114C4B001E54F3 /* SPCharacterListViewViewModel.swift in Sources */,
				CEB2BA422A360C1200645856 /* SPEpisodeInfoCollectionViewCell.swift in Sources */,
				CE8F39692A0D747E00BD8042 /* SPRequest.swift in Sources */,
				CE98A3152A12C352001E54F3 /* SPCharacterCollectionViewCellViewModel.swift in Sources */,
				CE2F71D02A3B85DF0094954D /* SPSettingsViewViewModel.swift in Sources */,
				CE8F39462A0D322B00BD8042 /* SPCharacters.swift in Sources */,
				CEB2BA492A360CEE00645856 /* SPEpisodeInfoCollectionViewCellViewModel.swift in Sources */,
				CEE227A72A2FD219000C86C6 /* SPEpisodeDetailView.swift in Sources */,
				CE2849242A3F0D99002D9922 /* SPLocationView.swift in Sources */,
				CE8F39482A0D323C00BD8042 /* SPEpisodes.swift in Sources */,
				CE8F396D2A0D78CC00BD8042 /* SPEndpoint.swift in Sources */,
				CE2F71E02A3B918D0094954D /* SPSettingsView.swift in Sources */,
				CE8F394C2A0D326600BD8042 /* SPLocations.swift in Sources */,
				CECDD3562A19406F000E2ADB /* SPCharacterDetailVIew.swift in Sources */,
				CE2849462A3F9E48002D9922 /* SPLocationTableViewCellViewModel.swift in Sources */,
				CE8F392F2A0D2FFC00BD8042 /* SPTabBarController.swift in Sources */,
				CEE2279B2A2E47F9000C86C6 /* SPEpisodeDetailViewController.swift in Sources */,
				CE2F71DC2A3B882A0094954D /* SPSettingsOption.swift in Sources */,
				CE2F71D42A3B86760094954D /* SPSettingsCellViewModel.swift in Sources */,
				CE98A2FB2A0E8700001E54F3 /* SPCharacterGender.swift in Sources */,
				CEA238562A1D518D00C598ED /* SPCharacterInfoCollectionViewCell.swift in Sources */,
				CE28493E2A3F99C6002D9922 /* SPLocationTableViewCell.swift in Sources */,
				CEA2385F2A1D532500C598ED /* SPCharacterPhotoCollectionViewCellViewModel.swift in Sources */,
				CE98A3132A12C1B5001E54F3 /* SPCharacterCollectionViewCell.swift in Sources */,
				CE2F71E42A3D15370094954D /* SPEpisodeWikiCollectionViewCell.swift in Sources */,
				CEA2385D2A1D531700C598ED /* SPCharacterInfoCollectionViewCellViewModel.swift in Sources */,
				CEE2279F2A2FCC55000C86C6 /* SPAPICacheManager.swift in Sources */,
				CEA238612A1D533400C598ED /* SPCharacterEpisodeCollectionViewCellViewModel.swift in Sources */,
				CE8F392B2A0D2FFC00BD8042 /* AppDelegate.swift in Sources */,
				CECDD35C2A195A42000E2ADB /* SPFooterLoadingCollectionReusableView.swift in Sources */,
				CE8F392D2A0D2FFC00BD8042 /* SceneDelegate.swift in Sources */,
				CEE227B02A32416A000C86C6 /* SPEpisodeListView.swift in Sources */,
				CE0C91352A34AA8800E8CE90 /* SPSearchViewController.swift in Sources */,
				CE98A2F52A0E8364001E54F3 /* SPRelatives.swift in Sources */,
				CE2F71CA2A3A39980094954D /* SPEpisodeDescriptionCollectionViewCell.swift in Sources */,
				CE8F395D2A0D345E00BD8042 /* SPFamilyViewController.swift in Sources */,
			);
			runOnlyForDeploymentPostprocessing = 0;
		};
/* End PBXSourcesBuildPhase section */

/* Begin PBXVariantGroup section */
		CE8F39352A0D2FFE00BD8042 /* LaunchScreen.storyboard */ = {
			isa = PBXVariantGroup;
			children = (
				CE8F39362A0D2FFE00BD8042 /* Base */,
			);
			name = LaunchScreen.storyboard;
			sourceTree = "<group>";
		};
/* End PBXVariantGroup section */

/* Begin XCBuildConfiguration section */
		CE8F39392A0D2FFE00BD8042 /* Debug */ = {
			isa = XCBuildConfiguration;
			buildSettings = {
				ALWAYS_SEARCH_USER_PATHS = NO;
				CLANG_ANALYZER_NONNULL = YES;
				CLANG_ANALYZER_NUMBER_OBJECT_CONVERSION = YES_AGGRESSIVE;
				CLANG_CXX_LANGUAGE_STANDARD = "gnu++20";
				CLANG_ENABLE_MODULES = YES;
				CLANG_ENABLE_OBJC_ARC = YES;
				CLANG_ENABLE_OBJC_WEAK = YES;
				CLANG_WARN_BLOCK_CAPTURE_AUTORELEASING = YES;
				CLANG_WARN_BOOL_CONVERSION = YES;
				CLANG_WARN_COMMA = YES;
				CLANG_WARN_CONSTANT_CONVERSION = YES;
				CLANG_WARN_DEPRECATED_OBJC_IMPLEMENTATIONS = YES;
				CLANG_WARN_DIRECT_OBJC_ISA_USAGE = YES_ERROR;
				CLANG_WARN_DOCUMENTATION_COMMENTS = YES;
				CLANG_WARN_EMPTY_BODY = YES;
				CLANG_WARN_ENUM_CONVERSION = YES;
				CLANG_WARN_INFINITE_RECURSION = YES;
				CLANG_WARN_INT_CONVERSION = YES;
				CLANG_WARN_NON_LITERAL_NULL_CONVERSION = YES;
				CLANG_WARN_OBJC_IMPLICIT_RETAIN_SELF = YES;
				CLANG_WARN_OBJC_LITERAL_CONVERSION = YES;
				CLANG_WARN_OBJC_ROOT_CLASS = YES_ERROR;
				CLANG_WARN_QUOTED_INCLUDE_IN_FRAMEWORK_HEADER = YES;
				CLANG_WARN_RANGE_LOOP_ANALYSIS = YES;
				CLANG_WARN_STRICT_PROTOTYPES = YES;
				CLANG_WARN_SUSPICIOUS_MOVE = YES;
				CLANG_WARN_UNGUARDED_AVAILABILITY = YES_AGGRESSIVE;
				CLANG_WARN_UNREACHABLE_CODE = YES;
				CLANG_WARN__DUPLICATE_METHOD_MATCH = YES;
				COPY_PHASE_STRIP = NO;
				DEBUG_INFORMATION_FORMAT = dwarf;
				ENABLE_STRICT_OBJC_MSGSEND = YES;
				ENABLE_TESTABILITY = YES;
				GCC_C_LANGUAGE_STANDARD = gnu11;
				GCC_DYNAMIC_NO_PIC = NO;
				GCC_NO_COMMON_BLOCKS = YES;
				GCC_OPTIMIZATION_LEVEL = 0;
				GCC_PREPROCESSOR_DEFINITIONS = (
					"DEBUG=1",
					"$(inherited)",
				);
				GCC_WARN_64_TO_32_BIT_CONVERSION = YES;
				GCC_WARN_ABOUT_RETURN_TYPE = YES_ERROR;
				GCC_WARN_UNDECLARED_SELECTOR = YES;
				GCC_WARN_UNINITIALIZED_AUTOS = YES_AGGRESSIVE;
				GCC_WARN_UNUSED_FUNCTION = YES;
				GCC_WARN_UNUSED_VARIABLE = YES;
				IPHONEOS_DEPLOYMENT_TARGET = 16.4;
				MTL_ENABLE_DEBUG_INFO = INCLUDE_SOURCE;
				MTL_FAST_MATH = YES;
				ONLY_ACTIVE_ARCH = YES;
				SDKROOT = iphoneos;
				SWIFT_ACTIVE_COMPILATION_CONDITIONS = DEBUG;
				SWIFT_OPTIMIZATION_LEVEL = "-Onone";
			};
			name = Debug;
		};
		CE8F393A2A0D2FFE00BD8042 /* Release */ = {
			isa = XCBuildConfiguration;
			buildSettings = {
				ALWAYS_SEARCH_USER_PATHS = NO;
				CLANG_ANALYZER_NONNULL = YES;
				CLANG_ANALYZER_NUMBER_OBJECT_CONVERSION = YES_AGGRESSIVE;
				CLANG_CXX_LANGUAGE_STANDARD = "gnu++20";
				CLANG_ENABLE_MODULES = YES;
				CLANG_ENABLE_OBJC_ARC = YES;
				CLANG_ENABLE_OBJC_WEAK = YES;
				CLANG_WARN_BLOCK_CAPTURE_AUTORELEASING = YES;
				CLANG_WARN_BOOL_CONVERSION = YES;
				CLANG_WARN_COMMA = YES;
				CLANG_WARN_CONSTANT_CONVERSION = YES;
				CLANG_WARN_DEPRECATED_OBJC_IMPLEMENTATIONS = YES;
				CLANG_WARN_DIRECT_OBJC_ISA_USAGE = YES_ERROR;
				CLANG_WARN_DOCUMENTATION_COMMENTS = YES;
				CLANG_WARN_EMPTY_BODY = YES;
				CLANG_WARN_ENUM_CONVERSION = YES;
				CLANG_WARN_INFINITE_RECURSION = YES;
				CLANG_WARN_INT_CONVERSION = YES;
				CLANG_WARN_NON_LITERAL_NULL_CONVERSION = YES;
				CLANG_WARN_OBJC_IMPLICIT_RETAIN_SELF = YES;
				CLANG_WARN_OBJC_LITERAL_CONVERSION = YES;
				CLANG_WARN_OBJC_ROOT_CLASS = YES_ERROR;
				CLANG_WARN_QUOTED_INCLUDE_IN_FRAMEWORK_HEADER = YES;
				CLANG_WARN_RANGE_LOOP_ANALYSIS = YES;
				CLANG_WARN_STRICT_PROTOTYPES = YES;
				CLANG_WARN_SUSPICIOUS_MOVE = YES;
				CLANG_WARN_UNGUARDED_AVAILABILITY = YES_AGGRESSIVE;
				CLANG_WARN_UNREACHABLE_CODE = YES;
				CLANG_WARN__DUPLICATE_METHOD_MATCH = YES;
				COPY_PHASE_STRIP = NO;
				DEBUG_INFORMATION_FORMAT = "dwarf-with-dsym";
				ENABLE_NS_ASSERTIONS = NO;
				ENABLE_STRICT_OBJC_MSGSEND = YES;
				GCC_C_LANGUAGE_STANDARD = gnu11;
				GCC_NO_COMMON_BLOCKS = YES;
				GCC_WARN_64_TO_32_BIT_CONVERSION = YES;
				GCC_WARN_ABOUT_RETURN_TYPE = YES_ERROR;
				GCC_WARN_UNDECLARED_SELECTOR = YES;
				GCC_WARN_UNINITIALIZED_AUTOS = YES_AGGRESSIVE;
				GCC_WARN_UNUSED_FUNCTION = YES;
				GCC_WARN_UNUSED_VARIABLE = YES;
				IPHONEOS_DEPLOYMENT_TARGET = 16.4;
				MTL_ENABLE_DEBUG_INFO = NO;
				MTL_FAST_MATH = YES;
				SDKROOT = iphoneos;
				SWIFT_COMPILATION_MODE = wholemodule;
				SWIFT_OPTIMIZATION_LEVEL = "-O";
				VALIDATE_PRODUCT = YES;
			};
			name = Release;
		};
		CE8F393C2A0D2FFE00BD8042 /* Debug */ = {
			isa = XCBuildConfiguration;
			buildSettings = {
				ASSETCATALOG_COMPILER_APPICON_NAME = AppIcon;
				ASSETCATALOG_COMPILER_GLOBAL_ACCENT_COLOR_NAME = AccentColor;
				CODE_SIGN_STYLE = Automatic;
				CURRENT_PROJECT_VERSION = 1;
				DEVELOPMENT_TEAM = 8NG24992XA;
				GENERATE_INFOPLIST_FILE = YES;
				INFOPLIST_FILE = SouthPark/Info.plist;
				INFOPLIST_KEY_UIApplicationSupportsIndirectInputEvents = YES;
				INFOPLIST_KEY_UILaunchStoryboardName = LaunchScreen;
				INFOPLIST_KEY_UISupportedInterfaceOrientations_iPad = "UIInterfaceOrientationPortrait UIInterfaceOrientationPortraitUpsideDown UIInterfaceOrientationLandscapeLeft UIInterfaceOrientationLandscapeRight";
				INFOPLIST_KEY_UISupportedInterfaceOrientations_iPhone = "UIInterfaceOrientationPortrait UIInterfaceOrientationLandscapeLeft UIInterfaceOrientationLandscapeRight";
				LD_RUNPATH_SEARCH_PATHS = (
					"$(inherited)",
					"@executable_path/Frameworks",
				);
				MARKETING_VERSION = 1.0;
				PRODUCT_BUNDLE_IDENTIFIER = "Nazar-Fomenchuk.SouthPark";
				PRODUCT_NAME = "$(TARGET_NAME)";
				SWIFT_EMIT_LOC_STRINGS = YES;
				SWIFT_VERSION = 5.0;
				TARGETED_DEVICE_FAMILY = "1,2";
			};
			name = Debug;
		};
		CE8F393D2A0D2FFE00BD8042 /* Release */ = {
			isa = XCBuildConfiguration;
			buildSettings = {
				ASSETCATALOG_COMPILER_APPICON_NAME = AppIcon;
				ASSETCATALOG_COMPILER_GLOBAL_ACCENT_COLOR_NAME = AccentColor;
				CODE_SIGN_STYLE = Automatic;
				CURRENT_PROJECT_VERSION = 1;
				DEVELOPMENT_TEAM = 8NG24992XA;
				GENERATE_INFOPLIST_FILE = YES;
				INFOPLIST_FILE = SouthPark/Info.plist;
				INFOPLIST_KEY_UIApplicationSupportsIndirectInputEvents = YES;
				INFOPLIST_KEY_UILaunchStoryboardName = LaunchScreen;
				INFOPLIST_KEY_UISupportedInterfaceOrientations_iPad = "UIInterfaceOrientationPortrait UIInterfaceOrientationPortraitUpsideDown UIInterfaceOrientationLandscapeLeft UIInterfaceOrientationLandscapeRight";
				INFOPLIST_KEY_UISupportedInterfaceOrientations_iPhone = "UIInterfaceOrientationPortrait UIInterfaceOrientationLandscapeLeft UIInterfaceOrientationLandscapeRight";
				LD_RUNPATH_SEARCH_PATHS = (
					"$(inherited)",
					"@executable_path/Frameworks",
				);
				MARKETING_VERSION = 1.0;
				PRODUCT_BUNDLE_IDENTIFIER = "Nazar-Fomenchuk.SouthPark";
				PRODUCT_NAME = "$(TARGET_NAME)";
				SWIFT_EMIT_LOC_STRINGS = YES;
				SWIFT_VERSION = 5.0;
				TARGETED_DEVICE_FAMILY = "1,2";
			};
			name = Release;
		};
/* End XCBuildConfiguration section */

/* Begin XCConfigurationList section */
		CE8F39222A0D2FFC00BD8042 /* Build configuration list for PBXProject "SouthPark" */ = {
			isa = XCConfigurationList;
			buildConfigurations = (
				CE8F39392A0D2FFE00BD8042 /* Debug */,
				CE8F393A2A0D2FFE00BD8042 /* Release */,
			);
			defaultConfigurationIsVisible = 0;
			defaultConfigurationName = Release;
		};
		CE8F393B2A0D2FFE00BD8042 /* Build configuration list for PBXNativeTarget "SouthPark" */ = {
			isa = XCConfigurationList;
			buildConfigurations = (
				CE8F393C2A0D2FFE00BD8042 /* Debug */,
				CE8F393D2A0D2FFE00BD8042 /* Release */,
			);
			defaultConfigurationIsVisible = 0;
			defaultConfigurationName = Release;
		};
/* End XCConfigurationList section */
	};
	rootObject = CE8F391F2A0D2FFC00BD8042 /* Project object */;
}
